
Microsoft Visual Studio Solution File, Format Version 12.00
# Visual Studio Version 16
VisualStudioVersion = 16.0.31019.35
MinimumVisualStudioVersion = 10.0.40219.1
Project("{FAE04EC0-301F-11D3-BF4B-00C04F79EFBC}") = "BMRCalculatorBaryshev", "BMRCalculatorBaryshev.csproj", "{3C787CC2-1BE2-4848-A760-2334B467273D}"
EndProject
Global
	GlobalSection(SolutionConfigurationPlatforms) = preSolution
		Debug|Any CPU = Debug|Any CPU
		Release|Any CPU = Release|Any CPU
	EndGlobalSection
	GlobalSection(ProjectConfigurationPlatforms) = postSolution
		{3C787CC2-1BE2-4848-A760-2334B467273D}.Debug|Any CPU.ActiveCfg = Debug|Any CPU
		{3C787CC2-1BE2-4848-A760-2334B467273D}.Debug|Any CPU.Build.0 = Debug|Any CPU
		{3C787CC2-1BE2-4848-A760-2334B467273D}.Release|Any CPU.ActiveCfg = Release|Any CPU
		{3C787CC2-1BE2-4848-A760-2334B467273D}.Release|Any CPU.Build.0 = Release|Any CPU
	EndGlobalSection
	GlobalSection(SolutionProperties) = preSolution
		HideSolutionNode = FALSE
	EndGlobalSection
	GlobalSection(ExtensibilityGlobals) = postSolution
		SolutionGuid = {FF609211-DD25-437A-A21C-B96FB4F50244}
	EndGlobalSection
EndGlobal
